<?xml version="1.0" encoding="utf-8"?>
<Project ToolsVersion="4.0" xmlns="http://schemas.microsoft.com/developer/msbuild/2003">
  <ItemGroup>
    <Filter Include="Source Files">
      <UniqueIdentifier>{1d29e9bb-93cd-42de-8d31-dc4c875780fd}</UniqueIdentifier>
      <Extensions>cpp;c;cxx;rc;def;r;odl;idl;hpj;bat</Extensions>
    </Filter>
    <Filter Include="Header Files">
      <UniqueIdentifier>{48375069-86e3-4119-a4f3-9b2489bec695}</UniqueIdentifier>
      <Extensions>h;hpp;hxx;hm;inl</Extensions>
    </Filter>
    <Filter Include="Resource Files">
      <UniqueIdentifier>{30c6dede-b076-48f1-baa8-9a5da7a7a208}</UniqueIdentifier>
      <Extensions>ico;cur;bmp;dlg;rc2;rct;bin;rgs;gif;jpg;jpeg;jpe</Extensions>
    </Filter>
  </ItemGroup>
  <ItemGroup>
    <ClCompile Include="MainInterface.cpp">
      <Filter>Source Files</Filter>
    </ClCompile>
    <ClCompile Include="StdAfx.cpp">
      <Filter>Source Files</Filter>
    </ClCompile>
    <ClCompile Include="stu_system.cpp">
      <Filter>Source Files</Filter>
    </ClCompile>
    <ClCompile Include="stu_systemDlg.cpp">
      <Filter>Source Files</Filter>
    </ClCompile>
    <ClCompile Include="mscomm1.cpp">
      <Filter>Source Files</Filter>
    </ClCompile>
    <ClCompile Include="GM.cpp">
      <Filter>Source Files</Filter>
    </ClCompile>
    <ClCompile Include="BZC.cpp">
      <Filter>Source Files</Filter>
    </ClCompile>
    <ClCompile Include="MD5.cpp">
      <Filter>Source Files</Filter>
    </ClCompile>
  </ItemGroup>
  <ItemGroup>
    <ResourceCompile Include="stu_system.rc">
      <Filter>Source Files</Filter>
    </ResourceCompile>
  </ItemGroup>
  <ItemGroup>
    <ClInclude Include="goble.h">
      <Filter>Header Files</Filter>
    </ClInclude>
    <ClInclude Include="goblextern.h">
      <Filter>Header Files</Filter>
    </ClInclude>
    <ClInclude Include="MainInterface.h">
      <Filter>Header Files</Filter>
    </ClInclude>
    <ClInclude Include="Resource.h">
      <Filter>Header Files</Filter>
    </ClInclude>
    <ClInclude Include="StdAfx.h">
      <Filter>Header Files</Filter>
    </ClInclude>
    <ClInclude Include="stu_system.h">
      <Filter>Header Files</Filter>
    </ClInclude>
    <ClInclude Include="stu_systemDlg.h">
      <Filter>Header Files</Filter>
    </ClInclude>
    <ClInclude Include="usersql.h">
      <Filter>Header Files</Filter>
    </ClInclude>
    <ClInclude Include="mscomm1.h">
      <Filter>Header Files</Filter>
    </ClInclude>
    <ClInclude Include="GM.h">
      <Filter>Header Files</Filter>
    </ClInclude>
    <ClInclude Include="BZC.h">
      <Filter>Header Files</Filter>
    </ClInclude>
    <ClInclude Include="MD5.h">
      <Filter>Header Files</Filter>
    </ClInclude>
  </ItemGroup>
  <ItemGroup>
    <Image Include="res\stu_system.ico">
      <Filter>Resource Files</Filter>
    </Image>
  </ItemGroup>
  <ItemGroup>
    <Text Include="ReadMe.txt" />
  </ItemGroup>
  <ItemGroup>
    <CustomBuild Include="res\stu_system.rc2">
      <Filter>Resource Files</Filter>
    </CustomBuild>
  </ItemGroup>
  <ItemGroup>
    <None Include="ClassDiagram.cd" />
  </ItemGroup>
</Project>